filippo.io/edwards25519 v1.2.0 h1:crnVqOiS4jqYleHd9vaKZ+HKtHfllngJIiOpNpoJsjo=
filippo.io/edwards25519 v1.2.0/go.mod h1:xzAOLCNug/yB62zG1bQ8uziwrIqIuxhctzJT18Q77mc=
github.com/aws/aws-sdk-go-v2 v1.43.1 h1:t6AQIB1uQ7HJA+0CDRWjOYG5MfwnOyyDsN4vRDHcwIY=
github.com/aws/aws-sdk-go-v2 v1.43.1/go.mod h1:WEzLKBh/mEjXvx1FtQMWgSxMSTVqxQzjkRtk5fa3wkg=
github.com/aws/aws-sdk-go-v2/aws/protocol/eventstream v1.7.15 h1:rq/p1VNFfygoKEQ9hHMKsKBE98lspPvT8IxaFs5mFhw=
github.com/aws/aws-sdk-go-v2/aws/protocol/eventstream v1.7.15/go.mod h1:bELIhlPfW8OkpDhP1MvCjHDtvv8NhiBTz+K4o26zrXA=
github.com/aws/aws-sdk-go-v2/config v1.32.32 h1:CcYdrcIjulT7xbTSqeEInh/PqUWv10LMznfdbNRwHBM=
github.com/aws/aws-sdk-go-v2/config v1.32.32/go.mod h1:Rk+LRPrR2oLWLOqUbhNOKYOJ8chU2aZ/R+Sdi/Bc/+4=
github.com/aws/aws-sdk-go-v2/credentials v1.19.31 h1:olhkNt+ZMx+X40XxeyrflmdBx145TP+3DqaS4s8GsbI=
github.com/aws/aws-sdk-go-v2/credentials v1.19.31/go.mod h1:twHrsQY+gUmkTOsDqYwBBrdP41FvzO86qjiRbj7GXcw=
github.com/aws/aws-sdk-go-v2/feature/ec2/imds v1.18.32 h1:zheY8iDNNzOHGS2aBJ5GWjeRbhsGuSg4+s20NZ0AywQ=
github.com/aws/aws-sdk-go-v2/feature/ec2/imds v1.18.32/go.mod h1:bkw+ZoqafHSo/3lQBm+xzWf4kh79hqP9M2kPtmOFZIY=
github.com/aws/aws-sdk-go-v2/feature/rds/auth v1.6.32 h1:fgIXVAjMiiLDnzAA0lzkXIwedITGD1/AWwcQ52lYLcA=
github.com/aws/aws-sdk-go-v2/feature/rds/auth v1.6.32/go.mod h1:6d0tuG4Dvu51pToD+8oDrWqve0n+AM5EnFqxEzAPGHg=
github.com/aws/aws-sdk-go-v2/internal/configsources v1.4.32 h1:PqiNS1QVFVctiMX30IwaY6pM3cUUfZFe+HPKmlZVY4I=
github.com/aws/aws-sdk-go-v2/internal/configsources v1.4.32/go.mod h1:jqisrvz2jliDnF3dW4wO9ZT1lHz1d6pXjftFyyZyqjY=
github.com/aws/aws-sdk-go-v2/internal/endpoints/v2 v2.7.32 h1:bWzam6cUCb/BRiZYmmdwPg+FvZy3/QygB9u6z7BIlnM=
github.com/aws/aws-sdk-go-v2/internal/endpoints/v2 v2.7.32/go.mod h1:VGTWlYbW4qvz9djYt2lj35gSAZS5aZ2xKn85wXziw6A=
github.com/aws/aws-sdk-go-v2/internal/v4a v1.4.33 h1:J4GttOtoayrtx24b8NODgSvJTAQ2qj/E5YPEeaYrYh0=
github.com/aws/aws-sdk-go-v2/internal/v4a v1.4.33/go.mod h1:G8G6DL9QyBO/vuHXJ/JG29qy2hBNYrQxDYJmqMStWJ4=
github.com/aws/aws-sdk-go-v2/service/acm v1.43.1 h1:EO+31jYSlUcoUu2F2M4KZLbLf44yNuvXJ0zU3Ek/iZU=
github.com/aws/aws-sdk-go-v2/service/acm v1.43.1/go.mod h1:PjbK7LCbRgsNQedXSUE+OMA0BfTQEkoJfIZYJV7C2Ho=
github.com/aws/aws-sdk-go-v2/service/acmpca v1.49.1 h1:iRh2kQzVU8rsMsFIhEab19G7O/xDIms2yxEhZZOd8gY=
github.com/aws/aws-sdk-go-v2/service/acmpca v1.49.1/go.mod h1:tJ+WyBpEnZ8LtaiEr6EaS5P9N3Q/or99zQQveXJ6YTQ=
github.com/aws/aws-sdk-go-v2/service/amplify v1.41.1 h1:qSSRPaM1wIRUcuR6LEpIh6NWmwM6ekUFLTZB6w6u1c4=
github.com/aws/aws-sdk-go-v2/service/amplify v1.41.1/go.mod h1:61RqPh+9jlxbeBiXshmIV0SEByPJv+8RhSZg8hppkJk=
github.com/aws/aws-sdk-go-v2/service/apigateway v1.42.1 h1:LCQIX7z9ypwsHRokq9nuzScxe/J4kydLiSHooQ6F1UI=
github.com/aws/aws-sdk-go-v2/service/apigateway v1.42.1/go.mod h1:JrJDwuG00Zx9CIJI/IUU0lPRSyGaNCsHsUYthX40J6I=
github.com/aws/aws-sdk-go-v2/service/apigatewayv2 v1.37.1 h1:mx00cYdi9G7noh+9z+YpXJBzAiw88wKEyjw6a9KFv/I=
github.com/aws/aws-sdk-go-v2/service/apigatewayv2 v1.37.1/go.mod h1:aUzmxzsPEpJN3RTdGVUL6UCfsW/3YvkI+sehfPf/8M8=
github.com/aws/aws-sdk-go-v2/service/applicationautoscaling v1.45.1 h1:khUt+qBACNsGRv94gzzwot/5cytpLCUtBy3WTanwoag=
github.com/aws/aws-sdk-go-v2/service/applicationautoscaling v1.45.1/go.mod h1:LlXTi6z9cbf8hmqe2tCi3Ok4Dzh22wjjKA7fj9gsskw=
github.com/aws/aws-sdk-go-v2/service/autoscaling v1.70.1 h1:r7EldsyAfZiCujFA9CuqAtzN26RrsRVrakMrDX7yxP0=
github.com/aws/aws-sdk-go-v2/service/autoscaling v1.70.1/go.mod h1:iVal803CDUKrMTLTtuuNe2E8lWuHBhJWSAmZl6y+O1k=
github.com/aws/aws-sdk-go-v2/service/batch v1.68.1 h1:84ezxCWibvDbliV5TVuTFypMtC8LD09dyaXooucrEQo=
github.com/aws/aws-sdk-go-v2/service/batch v1.68.1/go.mod h1:2G2EDEiKUIJCConbGlj3d5iiiKdptbB+tr68DYimf7o=
github.com/aws/aws-sdk-go-v2/service/budgets v1.46.1 h1:h3v0k4g4Z/Xfs7SpambLtcFfyUfvaSOM8MC7MtZTtf4=
github.com/aws/aws-sdk-go-v2/service/budgets v1.46.1/go.mod h1:Io3mEjnL42NzjSV+UinccwkAfik0Lyf/TcyZ/1ZEx9A=
github.com/aws/aws-sdk-go-v2/service/cloudfront v1.67.1 h1:eTvUGuN63lp36nn2pMxtTHRmcQ1t42iKLKt13EAG1ds=
github.com/aws/aws-sdk-go-v2/service/cloudfront v1.67.1/go.mod h1:ECtiFRr6FVEStjzjageMmqbm+7hk/L7xJvAI7ffoFyE=
github.com/aws/aws-sdk-go-v2/service/cloudtrail v1.58.1 h1:BdxCdxHReg33C4Auvr60E70BZZdDAkAg7uZG4HXDrRE=
github.com/aws/aws-sdk-go-v2/service/cloudtrail v1.58.1/go.mod h1:gNuK8OfaWuBkQJ4SqJPaGzngPar6q0Km0HqGim9Z+14=
github.com/aws/aws-sdk-go-v2/service/cloudwatch v1.66.0 h1:9Ri19b5uDkOBCVzeWMflnuLUcSp+ZAgwZ1ZTWmUVwoA=
github.com/aws/aws-sdk-go-v2/service/cloudwatch v1.66.0/go.mod h1:Fusf5168QfJba4PLmfjaOny543jmTnLZVwqXDPJdrWE=
github.com/aws/aws-sdk-go-v2/service/cloudwatchlogs v1.80.1 h1:uPGgq0k9GhCgWbD8ikMifDJUpjoLiDSYMFJgMuTAhOc=
github.com/aws/aws-sdk-go-v2/service/cloudwatchlogs v1.80.1/go.mod h1:sAPbUlO3/nWTn9lHNWSgk4PQAOl2eil/2uC6Oq7P6AU=
github.com/aws/aws-sdk-go-v2/service/codebuild v1.72.1 h1:5r6ggtqRsLTLpWsOsfBsZ7krQsYWhP7E8k6pzMueX1E=
github.com/aws/aws-sdk-go-v2/service/codebuild v1.72.1/go.mod h1:uvxgGjafODQW3kj9nA/Mq9LbjRIaaMUG12IMPEXcjew=
github.com/aws/aws-sdk-go-v2/service/dynamodb v1.62.1 h1:e5aFzYmUx2qXkWe6mHo6290b/9Djz/C/XGD8LWAx+AE=
github.com/aws/aws-sdk-go-v2/service/dynamodb v1.62.1/go.mod h1:6os5Tf/5a8jX8Yh3eoMPJd5vamkVsterdbdKP/e3Sfo=
github.com/aws/aws-sdk-go-v2/service/ec2 v1.317.1 h1:jE6vqbV1Is5CW7GXoDwbKyjxf/crqCpYfMmRa/5k7kE=
github.com/aws/aws-sdk-go-v2/service/ec2 v1.317.1/go.mod h1:BWIpt8if74qVVGXQeP2kkR10CLSdzmh6p7r0bkQFeX8=
github.com/aws/aws-sdk-go-v2/service/ecr v1.60.1 h1:65usrGlWQldW/I2s7q6RM+3i/55pQNxndB33XsXgiSA=
github.com/aws/aws-sdk-go-v2/service/ecr v1.60.1/go.mod h1:vz1MWl43K8XjZ2OZJMAaRKaw7Qmq5ST0jxIPBagNR64=
github.com/aws/aws-sdk-go-v2/service/ecs v1.89.1 h1:4q9icAgDtq65c8B5geAKUoSGn1H/GleQYKNSBg/1v6k=
github.com/aws/aws-sdk-go-v2/service/ecs v1.89.1/go.mod h1:AZbIplIH0X9Gd8POGp10dzn5vqShD7jwQKLmcuEOvys=
github.com/aws/aws-sdk-go-v2/service/efs v1.44.1 h1:ziDwyD+/9QLTP9J3md1BFdRA5MSyHvWpTkvIYFEjWN0=
github.com/aws/aws-sdk-go-v2/service/efs v1.44.1/go.mod h1:rQsk3bkcGEw1riwCAiPOpoqAdC1Abmnv7Qk7Z9lyMX8=
github.com/aws/aws-sdk-go-v2/service/elasticache v1.56.1 h1:gT8ii5DB1s1Jw8UK2GO8KaqesQN+Uv21aChwYlobKTc=
github.com/aws/aws-sdk-go-v2/service/elasticache v1.56.1/go.mod h1:KF7AqLPpOAb8RQdFBDRs4L+d2OAlUj6ObSqerWbU3wI=
github.com/aws/aws-sdk-go-v2/service/elasticloadbalancingv2 v1.58.2 h1:GsIwf+rpz7t/N/qLyzzG2/AKrWvO1vyyVPs0jlYdSdU=
github.com/aws/aws-sdk-go-v2/service/elasticloadbalancingv2 v1.58.2/go.mod h1:UTGp4UFrPNMVXBgV5n/3LgWIrrNVjm44p411ZD/Qces=
github.com/aws/aws-sdk-go-v2/service/eventbridge v1.48.1 h1:mEu+MUjjT6H7oVRbiurEib74kPHaie65CmQKkZZJH2g=
github.com/aws/aws-sdk-go-v2/service/eventbridge v1.48.1/go.mod h1:/sMqxbQwdcmISgnmFP8caGUfDXpxhfX+hKBHMYUG8HY=
github.com/aws/aws-sdk-go-v2/service/firehose v1.46.1 h1:n7ftnGIIBxbjQKj17OawzUugiWRVYHSh3AMtiUCOHyA=
github.com/aws/aws-sdk-go-v2/service/firehose v1.46.1/go.mod h1:RKHNKTPxED6djzIpJA2+YdNaCDkQr+1oQPYZE0AcYug=
github.com/aws/aws-sdk-go-v2/service/glue v1.150.1 h1:b9QkKGGa/MJ4RtI3CmFPG3gpGJN1JWOtjPbJhSCpsE0=
github.com/aws/aws-sdk-go-v2/service/glue v1.150.1/go.mod h1:Aybx9GhXotnCD/dGmejRKcdYlu4IWbYOvRbQ8CFn+hs=
github.com/aws/aws-sdk-go-v2/service/iam v1.56.1 h1:SLGzTAo/8J81zHUisaiKY6gF804fPsHZBxAZr0uquHM=
github.com/aws/aws-sdk-go-v2/service/iam v1.56.1/go.mod h1:Cc31Ak8Ps/0Vi4QqN3qIuqSHXi/MGLw/Cl6vzUwuqwk=
github.com/aws/aws-sdk-go-v2/service/internal/accept-encoding v1.13.14 h1:SA43nfaY7+1jjMNIc2ywu99JLJLButtIdLP6j+bT870=
github.com/aws/aws-sdk-go-v2/service/internal/accept-encoding v1.13.14/go.mod h1:Du3llKcwbQvHsTXSLzTOGQz0DTDBMEzdg7DAGu7inrY=
github.com/aws/aws-sdk-go-v2/service/internal/checksum v1.9.25 h1:t1pBmM7qO2pzE8sQ/00T+PnWfKNuQAbCw0cdChNfoMM=
github.com/aws/aws-sdk-go-v2/service/internal/checksum v1.9.25/go.mod h1:YDz7QcfWKH760WBWlw3zi2m/oawz6M55I02taW1X6oA=
github.com/aws/aws-sdk-go-v2/service/internal/endpoint-discovery v1.12.9 h1:EFlu4XJ2d8oAceht98aAP5FR5jfpWXZ5lhKRR2i0kDU=
github.com/aws/aws-sdk-go-v2/service/internal/endpoint-discovery v1.12.9/go.mod h1:m1BCIlWwY6bA5Hj4d7jqDpq09gnNVqN2/ZiXvcBaBfM=
github.com/aws/aws-sdk-go-v2/service/internal/presigned-url v1.13.32 h1:dWFHhQpbf7Yui4fsy+bJUy54JrmpJHIyAuUkcadqwMo=
github.com/aws/aws-sdk-go-v2/service/internal/presigned-url v1.13.32/go.mod h1:oN4Iix8rAbyTx6tFMP9mS8RFLJnDeZSbSsHwXYSs3tE=
github.com/aws/aws-sdk-go-v2/service/internal/s3shared v1.19.33 h1:WWevlLzmBqgzRy/rrTUHEmLXnLMNuSZkrQWdlGiLPYY=
github.com/aws/aws-sdk-go-v2/service/internal/s3shared v1.19.33/go.mod h1:lRlrKO4OuKlBZsSGioD2lprkdvu2dI7SAATcC1CYt7U=
github.com/aws/aws-sdk-go-v2/service/kinesis v1.46.1 h1:9TtzNpg/WvHQkIvFLsze3it390cOohOLpRaDiKLVbhM=
github.com/aws/aws-sdk-go-v2/service/kinesis v1.46.1/go.mod h1:SvASBfEH3s11QyxDVe0cyXqUcuRHVeplC1xbiyHjQrg=
github.com/aws/aws-sdk-go-v2/service/kms v1.55.1 h1:QGzX/4alPQR0cud44yLFJi9JgPDq+Wr+L2hC1R2bu7E=
github.com/aws/aws-sdk-go-v2/service/kms v1.55.1/go.mod h1:zWc1+cHJe8JLFcyilkebUUXmx0ukS2w+zOWjen80MCQ=
github.com/aws/aws-sdk-go-v2/service/lambda v1.100.1 h1:lqFUFaFWZm1mZ92TVDRnXx4NVLU0tp2eube9PRhFr20=
github.com/aws/aws-sdk-go-v2/service/lambda v1.100.1/go.mod h1:cGH3w8Kl1MFMt+ABHVEV3bmmzoAtavZ4Bw5Jp18murI=
github.com/aws/aws-sdk-go-v2/service/organizations v1.53.1 h1:rH+itQ5XTCwm3+ZQKKf7WgvRuT98oP8/CnpDY1EX8rc=
github.com/aws/aws-sdk-go-v2/service/organizations v1.53.1/go.mod h1:Rf7I9HukHgy3m+yInamndFZor8xBaW7D3+Jz50AzXjE=
github.com/aws/aws-sdk-go-v2/service/rds v1.123.1 h1:L40fqhP1rux3hnu60XSLd1ZkhOoGcoEoRnjH6V/mXjY=
github.com/aws/aws-sdk-go-v2/service/rds v1.123.1/go.mod h1:M5YNsMrGL6rNRYkK/XKEDsG/VTqP22mmY7PDxB6c+po=
github.com/aws/aws-sdk-go-v2/service/route53 v1.65.3 h1:mcHSrZlQeuWO7sToUNr34sqzh1P1tq4YQDQvzjus0hA=
github.com/aws/aws-sdk-go-v2/service/route53 v1.65.3/go.mod h1:OTlSVJ9PK8Y+w4SNcW1TTcmp8D5z+FBqhv20NN7DphI=
github.com/aws/aws-sdk-go-v2/service/s3 v1.106.1 h1:LE9F8L9PXkboje/lJrvthQGsvbhi3SPZZidPgYuNBxk=
github.com/aws/aws-sdk-go-v2/service/s3 v1.106.1/go.mod h1:BC1zJ0lDLKkzEJDsF8kyimsmMoear7ZcfUzzEFscQrk=
github.com/aws/aws-sdk-go-v2/service/scheduler v1.20.1 h1:2h/fujYw5wY1NZw+TeRDDpKoCFAm2anFVB198Rsx8lo=
github.com/aws/aws-sdk-go-v2/service/scheduler v1.20.1/go.mod h1:d3uMajRc/HAQ2Bbjix55hJuMm0hQRwGxMUQY6aBcCak=
github.com/aws/aws-sdk-go-v2/service/secretsmanager v1.44.1 h1:TpALnO2Chp6wQOihK/v+qoPN80YOyu3hG/MQ9dG+DGo=
github.com/aws/aws-sdk-go-v2/service/secretsmanager v1.44.1/go.mod h1:nfho2mqRsESddA8OHQiiqhNKaZtGW1Pe1sf6RJFYnfE=
github.com/aws/aws-sdk-go-v2/service/servicediscovery v1.43.1 h1:skhYoEptoecJouz1z2wUAIQ1X6aplh27ZeuFUDfR2yI=
github.com/aws/aws-sdk-go-v2/service/servicediscovery v1.43.1/go.mod h1:lQlSRKZ24/xwQNOaikPmo8xcc3YsjUj8bWhJJW7a77M=
github.com/aws/aws-sdk-go-v2/service/sfn v1.45.1 h1:Q+IkIbdbxiKBYOTUt2fkKgONd54AB2grrlYKXCvVWl0=
github.com/aws/aws-sdk-go-v2/service/sfn v1.45.1/go.mod h1:WsRr8Y/9jWtD5BcI8QiO42Del1kIzsUkDf5k9G5amWs=
github.com/aws/aws-sdk-go-v2/service/signin v1.5.1 h1:i7p1pinRrWxJp+sD+u2pCWYdcB9vL1VNIPKWssNOp4o=
github.com/aws/aws-sdk-go-v2/service/signin v1.5.1/go.mod h1:gtQTy/o93W5Sx0IFdAkn7Usa+Qg7ydG2+9GC7MoKqPU=
github.com/aws/aws-sdk-go-v2/service/sns v1.42.1 h1:RzewfehWnAVBOVwpny2gEYeLgDAS1PM7aA+kSxwLGeE=
github.com/aws/aws-sdk-go-v2/service/sns v1.42.1/go.mod h1:zFbkrgbSlzBD0gfwNWNbPOLlAy5O6vKSKrUP7Msgj4c=
github.com/aws/aws-sdk-go-v2/service/sqs v1.46.1 h1:I7TcGInhMmLLqf0vn6evefOFlW7A4eCE4yXdrmOX5J8=
github.com/aws/aws-sdk-go-v2/service/sqs v1.46.1/go.mod h1:HE2qyjHBF/hY9YMFg7dwUE/20aOogvPOKrWffYAH8Uw=
github.com/aws/aws-sdk-go-v2/service/ssm v1.73.1 h1:MoCFsfTkhAbtDLm1QmVag9BoU1LwfdlK6EIo7uBkjrg=
github.com/aws/aws-sdk-go-v2/service/ssm v1.73.1/go.mod h1:d0XY6oFUvcViYJYuVBmPsfCq658cFfAVBdmqDubR26k=
github.com/aws/aws-sdk-go-v2/service/sso v1.33.1 h1:GBLnqpnDEn/+vnBGlxAJ4+jopfzW7vVT0++jLPgWN9A=
github.com/aws/aws-sdk-go-v2/service/sso v1.33.1/go.mod h1:RK3AEzTbSEbGLQDd3qPA5ZLXm6mfB9shq5sbiuaF7AU=
github.com/aws/aws-sdk-go-v2/service/ssooidc v1.38.1 h1:1DWsRED+rRzFQ1rDWpwkipw67tp4kyQByQg9POWYl80=
github.com/aws/aws-sdk-go-v2/service/ssooidc v1.38.1/go.mod h1:nadMS3uTrTANeD214BBuPg/SJpJ/UhBiNuqN1Z2Ay4c=
github.com/aws/aws-sdk-go-v2/service/sts v1.45.1 h1:JugCuomdxnZwjp5xvqSuPgeWRecAvkno7EwXmR/ZXWE=
github.com/aws/aws-sdk-go-v2/service/sts v1.45.1/go.mod h1:dtViDu/XqU2gq1eeTFz7Ijb7xCHoso8CaBOqYVshoqc=
github.com/aws/aws-sdk-go-v2/service/wafv2 v1.76.1 h1:3plXA+ec3syfxu98XWkLoFIbQJA4OXPrzrfdVoPLisM=
github.com/aws/aws-sdk-go-v2/service/wafv2 v1.76.1/go.mod h1:eNTn5vYYD1SjSG4TLU9MEqoAXVZ4xURT+uANvWWJnng=
github.com/aws/smithy-go v1.27.5 h1:d1ro7KpYOYwP6m73YFa+Kc/A130VsAdX68SpsJwARMM=
github.com/aws/smithy-go v1.27.5/go.mod h1:YE2RhdIuDbA5E5bTdciG9KrW3+TiEONeUWCqxX9i1Fc=
github.com/creack/pty v1.1.9/go.mod h1:oKZEueFk5CKHvIhNR5MUki03XCEU+Q6VDXinZuGJ33E=
github.com/davecgh/go-spew v1.1.0/go.mod h1:J7Y8YcW2NihsgmVo/mv3lAwl/skON4iLHjSsI+c5H38=
github.com/davecgh/go-spew v1.1.1 h1:vj9j/u1bqnvCEfJOwUhtlOARqs3+rkHYY13jYWTU97c=
github.com/davecgh/go-spew v1.1.1/go.mod h1:J7Y8YcW2NihsgmVo/mv3lAwl/skON4iLHjSsI+c5H38=
github.com/go-jose/go-jose/v4 v4.1.4 h1:moDMcTHmvE6Groj34emNPLs/qtYXRVcd6S7NHbHz3kA=
github.com/go-jose/go-jose/v4 v4.1.4/go.mod h1:x4oUasVrzR7071A4TnHLGSPpNOm2a21K9Kf04k1rs08=
github.com/go-sql-driver/mysql v1.10.0 h1:Q+1LV8DkHJvSYAdR83XzuhDaTykuDx0l6fkXxoWCWfw=
github.com/go-sql-driver/mysql v1.10.0/go.mod h1:M+cqaI7+xxXGG9swrdeUIoPG3Y3KCkF0pZej+SK+nWk=
github.com/golang/snappy v1.0.0 h1:Oy607GVXHs7RtbggtPBnr2RmDArIsAefDwvrdWvRhGs=
github.com/golang/snappy v1.0.0/go.mod h1:/XxbfmMg8lxefKM7IXC3fBNl/7bRcc72aCRzEWrmP2Q=
github.com/google/uuid v1.6.0 h1:NIvaJDMOsjHA8n1jAhLSgzrAzy1Hgr+hNrb57e+94F0=
github.com/google/uuid v1.6.0/go.mod h1:TIyPZe4MgqvfeYDBFedMoGGpEw/LqOeaOT+nhxU+yHo=
github.com/gorilla/websocket v1.5.3 h1:saDtZ6Pbx/0u+bgYQ3q96pZgCzfhKXGPqt7kZ72aNNg=
github.com/gorilla/websocket v1.5.3/go.mod h1:YR8l580nyteQvAITg2hZ9XVh4b55+EU/adAjf1fMHhE=
github.com/jackc/pgpassfile v1.0.0 h1:/6Hmqy13Ss2zCq62VdNG8tM1wchn8zjSGOBJ6icpsIM=
github.com/jackc/pgpassfile v1.0.0/go.mod h1:CEx0iS5ambNFdcRtxPj5JhEz+xB6uRky5eyVu/W2HEg=
github.com/jackc/pgservicefile v0.0.0-20240606120523-5a60cdf6a761 h1:iCEnooe7UlwOQYpKFhBabPMi4aNAfoODPEFNiAnClxo=
github.com/jackc/pgservicefile v0.0.0-20240606120523-5a60cdf6a761/go.mod h1:5TJZWKEWniPve33vlWYSoGYefn3gLQRzjfDlhSJ9ZKM=
github.com/jackc/pgx/v5 v5.10.0 h1:VhSvgU2jSli8o3AqIEOTJr7rZwAEUVo4E4XhR94Zfr0=
github.com/jackc/pgx/v5 v5.10.0/go.mod h1:mal1tBGAFfLHvZzaYh77YS/eC6IX9OWbRV1QIIM0Jn4=
github.com/jackc/puddle/v2 v2.2.2 h1:PR8nw+E/1w0GLuRFSmiioY6UooMp6KJv0/61nB7icHo=
github.com/jackc/puddle/v2 v2.2.2/go.mod h1:vriiEXHvEE654aYKXXjOvZM39qJ0q+azkZFrfEOc3H4=
github.com/kr/pretty v0.1.0/go.mod h1:dAy3ld7l9f0ibDNOQOHHMYYIIbhfbHSm3C4ZsoJORNo=
github.com/kr/pretty v0.3.0 h1:WgNl7dwNpEZ6jJ9k1snq4pZsg7DOEN8hP9Xw0Tsjwk0=
github.com/kr/pretty v0.3.0/go.mod h1:640gp4NfQd8pI5XOwp5fnNeVWj67G7CFk/SaSQn7NBk=
github.com/kr/pty v1.1.1/go.mod h1:pFQYn66WHrOpPYNljwOMqo10TkYh1fy3cYio2l3bCsQ=
github.com/kr/text v0.1.0/go.mod h1:4Jbv+DJW3UT/LiOwJeYQe1efqtUx/iVham/4vfdArNI=
github.com/kr/text v0.2.0 h1:5Nx0Ya0ZqY2ygV366QzturHI13Jq95ApcVaJBhpS+AY=
github.com/kr/text v0.2.0/go.mod h1:eLer722TekiGuMkidMxC/pM04lWEeraHUUmBw8l2grE=
github.com/pmezard/go-difflib v1.0.0 h1:4DBwDE0NGyQoBHbLQYPwSUPoCMWR5BEzIk/f1lZbAQM=
github.com/pmezard/go-difflib v1.0.0/go.mod h1:iKH77koFhYxTK1pcRnkKkqfTogsbg7gZNVY4sRDYZ/4=
github.com/rogpeppe/go-internal v1.6.1 h1:/FiVV8dS/e+YqF2JvO3yXRFbBLTIuSDkuC7aBOAvL+k=
github.com/rogpeppe/go-internal v1.6.1/go.mod h1:xXDCJY+GAPziupqXw64V24skbSoqbTEfhy4qGm1nDQc=
github.com/stretchr/objx v0.1.0/go.mod h1:HFkY916IF+rwdDfMAkV7OtwuqBVzrE8GR6GFx+wExME=
github.com/stretchr/testify v1.3.0/go.mod h1:M5WIy9Dh21IEIfnGCwXGc5bZfKNJtfHm1UVUgZn+9EI=
github.com/stretchr/testify v1.7.0/go.mod h1:6Fq8oRcR53rry900zMqJjRRixrwX3KX962/h/Wwjteg=
github.com/stretchr/testify v1.11.1 h1:7s2iGBzp5EwR7/aIZr8ao5+dra3wiQyKjjFuvgVKu7U=
github.com/stretchr/testify v1.11.1/go.mod h1:wZwfW3scLgRK+23gO65QZefKpKQRnfz6sD981Nm4B6U=
golang.org/x/crypto v0.54.0 h1:YLIA59K4fiNzHzjnZt2tUJQjQtUWfWbeHBqKtk3eScw=
golang.org/x/crypto v0.54.0/go.mod h1:KWL8ny2AZdGR2cWmzeHrp2azQPGogOv+HeQaVEXC2dk=
golang.org/x/net v0.57.0 h1:K5+3DljvIuDG9/Jv9rvyMywYNFCQ9RSUY6OOTTkT+tE=
golang.org/x/net v0.57.0/go.mod h1:KpXc8iv+r3XplLAG/f7Jsf9RPszJzdR0f58q9vGOuEU=
golang.org/x/sync v0.22.0 h1:SZjpbeLmrCk4xhRSZFNZW5gFUeCeFgjekvI/+gfScek=
golang.org/x/sync v0.22.0/go.mod h1:9xrNwdLfx4jkKbNva9FpL6vEN7evnE43NNNJQ2LF3+0=
golang.org/x/text v0.40.0 h1:Ub2Z6/xjgF1WrYQz2nuITOEegKFtiIy+rieRJ5lHZKs=
golang.org/x/text v0.40.0/go.mod h1:hpnzDAfGV753zIKo+wk3u1bVKCGPbrnF7+7LBF/UHVY=
gopkg.in/check.v1 v0.0.0-20161208181325-20d25e280405/go.mod h1:Co6ibVJAznAaIkqp8huTwlJQCZ016jof/cbN4VW5Yz0=
gopkg.in/check.v1 v1.0.0-20180628173108-788fd7840127/go.mod h1:Co6ibVJAznAaIkqp8huTwlJQCZ016jof/cbN4VW5Yz0=
gopkg.in/check.v1 v1.0.0-20201130134442-10cb98267c6c h1:Hei/4ADfdWqJk1ZMxUNpqntNwaWcugrBjAiHlqqRiVk=
gopkg.in/check.v1 v1.0.0-20201130134442-10cb98267c6c/go.mod h1:JHkPIbrfpd72SG/EVd6muEfDQjcINNoR0C8j2r3qZ4Q=
gopkg.in/errgo.v2 v2.1.0/go.mod h1:hNsd1EY+bozCKY1Ytp96fpM3vjJbqLJn88ws8XvfDNI=
gopkg.in/yaml.v3 v3.0.0-20200313102051-9f266ea9e77c/go.mod h1:K4uyk7z7BCEPqu6E+C64Yfv1cQ7kz7rIZviUmN+EgEM=
gopkg.in/yaml.v3 v3.0.1 h1:fxVm/GzAzEWqLHuvctI91KS9hhNmmWOoWu0XTYJS7CA=
gopkg.in/yaml.v3 v3.0.1/go.mod h1:K4uyk7z7BCEPqu6E+C64Yfv1cQ7kz7rIZviUmN+EgEM=
