filippo.io/edwards25519 v1.2.0 h1:crnVqOiS4jqYleHd9vaKZ+HKtHfllngJIiOpNpoJsjo=
filippo.io/edwards25519 v1.2.0/go.mod h1:xzAOLCNug/yB62zG1bQ8uziwrIqIuxhctzJT18Q77mc=
github.com/aws/aws-sdk-go-v2 v1.43.3 h1:XJIcfv8uDs2ukdQsoAC8/Ebu1ejxwzlayl2ZsiFns2A=
github.com/aws/aws-sdk-go-v2 v1.43.3/go.mod h1:70vwSy16txshwG+g55WkpgPKDIByzHI8ccBsOteo3bQ=
github.com/aws/aws-sdk-go-v2/aws/protocol/eventstream v1.7.16 h1:aiuaKlDweRC5qExJondpWjOgyzMHpofpwspGXUtwn4c=
github.com/aws/aws-sdk-go-v2/aws/protocol/eventstream v1.7.16/go.mod h1:nG/LOlmox9BDe9HvQnXWzgcK8uKbgBMZ/Hp5pVt/21I=
github.com/aws/aws-sdk-go-v2/config v1.32.34 h1:o+YAizrX562nEZXaB38uYTK8RvIsvW0uuRP+e5e0Pfk=
github.com/aws/aws-sdk-go-v2/config v1.32.34/go.mod h1:wc0zYRChOniiufvdWiRVf3jgXSgbkvaD683IHHHc2ZQ=
github.com/aws/aws-sdk-go-v2/credentials v1.19.33 h1:/e5V3EWfeDiW6cuRxHsC8gbwko4/vvVYPJR2afBKFFY=
github.com/aws/aws-sdk-go-v2/credentials v1.19.33/go.mod h1:ZxAmkcyOM9beY/WO9oxp2oVPXiP3rq5N1/p4NbenJdE=
github.com/aws/aws-sdk-go-v2/feature/ec2/imds v1.18.34 h1:1EsGke6rTD2CG3j2MMVB77n6Q+FlbQWYI/dFdLWBNtM=
github.com/aws/aws-sdk-go-v2/feature/ec2/imds v1.18.34/go.mod h1:5B1Z/QbaWzqoWRzYxZfmCbDDRcvUHcfAIQw/S+KfDmc=
github.com/aws/aws-sdk-go-v2/feature/rds/auth v1.6.34 h1:pjwlPBr+vMOM62LPgTu9iLRTAUdKkz/hO/VbtGfHcac=
github.com/aws/aws-sdk-go-v2/feature/rds/auth v1.6.34/go.mod h1:rjMbjYOeWyey/eDhNlPUt+h+2XGWrMuRJq11Vl+dkU0=
github.com/aws/aws-sdk-go-v2/internal/configsources v1.4.34 h1:vuIfjzoeqhQMGJyOBU3t0ZEjn2jrN8Bbg1N4CgjzM5Q=
github.com/aws/aws-sdk-go-v2/internal/configsources v1.4.34/go.mod h1:hP28cN4CPJLZHirdQPrZR50JcLN4ApRJP2tzG8cRlhY=
github.com/aws/aws-sdk-go-v2/internal/endpoints/v2 v2.7.34 h1:9faHsnqxJ1vDvB4wMZy/ajIDyz5QhllQjjc72RJpXAw=
github.com/aws/aws-sdk-go-v2/internal/endpoints/v2 v2.7.34/go.mod h1:Yp6nIyejpa23nzlB/LhT63KTla9Jdi06nv/HH/OkAH8=
github.com/aws/aws-sdk-go-v2/internal/v4a v1.4.35 h1:Oe8gMKJLO5awqpa5EhAGKVnBv1s+brdWVuxM2mDa7zA=
github.com/aws/aws-sdk-go-v2/internal/v4a v1.4.35/go.mod h1:FZevcG9cOST/FWAAUhHIchjR9fXFXFRCWodOhx+PDLA=
github.com/aws/aws-sdk-go-v2/service/acm v1.43.3 h1:82LT80QrjSzMOO+IbnpzGlHUev8qyzriov8qd3TDs7w=
github.com/aws/aws-sdk-go-v2/service/acm v1.43.3/go.mod h1:3NYld0ThjgBIapT9aVxEugUJG+Kc4EhTxeouiu1xAF8=
github.com/aws/aws-sdk-go-v2/service/acmpca v1.49.3 h1:K1myVMlanSMJrvBiiTDwHWd6niBi/HUdGIzrUmbMox8=
github.com/aws/aws-sdk-go-v2/service/acmpca v1.49.3/go.mod h1:ZRQ2xj2+lJcogklonFXUmnxdbQySxOFpTre9Ub4BIGo=
github.com/aws/aws-sdk-go-v2/service/amplify v1.41.3 h1:sFtwyqW7Oh47qKS4VcWQw7+AxXxsFCKZgVs5rEXzw+U=
github.com/aws/aws-sdk-go-v2/service/amplify v1.41.3/go.mod h1:5qxogdTokdEJfYQdQyIl7dzgq5GbpZqXZtn34WuCFnI=
github.com/aws/aws-sdk-go-v2/service/apigateway v1.42.3 h1:vnfomuPPLg7/p9xqm0Nc6oYBdi0sWl1xUksUyDxpJpU=
github.com/aws/aws-sdk-go-v2/service/apigateway v1.42.3/go.mod h1:XzqQmG/JL1ODamWc19W1A4oHHx7CPNTRSDox27KTmg0=
github.com/aws/aws-sdk-go-v2/service/apigatewayv2 v1.37.3 h1:DD4DyXLSyJSc7U4mLW+7t0b6h+A4E3CqGPWWhKMcUBE=
github.com/aws/aws-sdk-go-v2/service/apigatewayv2 v1.37.3/go.mod h1:Atd5wLnHBQa9OtVEhgww+6LcP8ZUdDPIdnXejo4hXHA=
github.com/aws/aws-sdk-go-v2/service/applicationautoscaling v1.45.3 h1:Ppi2kRL7eETfKVdvZbPS16kPr0TJQ71CQygBv+gQe/I=
github.com/aws/aws-sdk-go-v2/service/applicationautoscaling v1.45.3/go.mod h1:YivTCNPQfd+sMSyn10dIydrVRRxMPhV5c4c5cab2B2Y=
github.com/aws/aws-sdk-go-v2/service/autoscaling v1.70.3 h1:NHWLdTMC2N9d2GivFhLkjm5uXMYIG2uLIxJSN22N7Kk=
github.com/aws/aws-sdk-go-v2/service/autoscaling v1.70.3/go.mod h1:cVsUcfdue4Y9Myo4GreBtNJR1WSCtQAObTZOeuaLJlQ=
github.com/aws/aws-sdk-go-v2/service/batch v1.68.3 h1:nc0bHG58ABIwUMlFtDoBOH/NazjaD1xHjfA9NLYy75Y=
github.com/aws/aws-sdk-go-v2/service/batch v1.68.3/go.mod h1:lJQaI2bVHldBcx51GP1+xX+RetTdGQJX+JWm+E3i+Fo=
github.com/aws/aws-sdk-go-v2/service/budgets v1.46.3 h1:oG1G7HP6292pKwzD20kbZxgbZPmEyY+6UWCTF8NP1Co=
github.com/aws/aws-sdk-go-v2/service/budgets v1.46.3/go.mod h1:eq0XeCU2p+ckonVFez/92QwilMND3zTrxijS6tTTfzs=
github.com/aws/aws-sdk-go-v2/service/cloudfront v1.67.3 h1:VLf1Mjng82ZrUfK3XUOpR9M4uyre7f2olsvwoH2u96c=
github.com/aws/aws-sdk-go-v2/service/cloudfront v1.67.3/go.mod h1:rXd0xdBVHME9nlNkOwjoSN94E1Qnc9VT3va6GCtc2Pk=
github.com/aws/aws-sdk-go-v2/service/cloudtrail v1.58.3 h1:YKk4Bv8d49ydCEx22BQUVMEjxAD6WCUK+nKFhPJ/tf8=
github.com/aws/aws-sdk-go-v2/service/cloudtrail v1.58.3/go.mod h1:YUh/STV6A6+u7TGm1F6ZEWh1BmyX4PE9c5kxKvgIlSI=
github.com/aws/aws-sdk-go-v2/service/cloudwatch v1.66.2 h1:gB90d8G1wI5cWTky4P/FfMZov2iXTryUBeU/sSipFTU=
github.com/aws/aws-sdk-go-v2/service/cloudwatch v1.66.2/go.mod h1:Wka5y0GBbGFTRQqpJy1lJiexNgvHaA7QUVOhNySlLSw=
github.com/aws/aws-sdk-go-v2/service/cloudwatchlogs v1.81.0 h1:kWqYueZ5ls5wqCS4L9GdZFvO1A2YIJtAbqch7W+pq2I=
github.com/aws/aws-sdk-go-v2/service/cloudwatchlogs v1.81.0/go.mod h1:gsNxRlyvc6h8YAS3CYheCSWQMSa2WxSDUEHfBR1dBwU=
github.com/aws/aws-sdk-go-v2/service/codebuild v1.72.3 h1:s/ju48yjkfajJqkECACvyOtd++nzlml/ZtbYAqtTgCo=
github.com/aws/aws-sdk-go-v2/service/codebuild v1.72.3/go.mod h1:HLFuVgXorkgyFnldwXMcnV9NVVxB5dNCykIPT2Flfug=
github.com/aws/aws-sdk-go-v2/service/dynamodb v1.62.3 h1:DpQEvokO8q/qgifYKBXsDGSjng+j5JG0A4s75T4u1xs=
github.com/aws/aws-sdk-go-v2/service/dynamodb v1.62.3/go.mod h1:8HkdFkH/KcxfnzNYPtHibUZEejby7hwbqDUAoytEKZE=
github.com/aws/aws-sdk-go-v2/service/ec2 v1.318.1 h1:h0YI+ocTZTy1QXcTDsKPa+/+kT1mA8z6mc5NZOhXHJw=
github.com/aws/aws-sdk-go-v2/service/ec2 v1.318.1/go.mod h1:LXmcWkgEK0IfPd3dc3DI/bfMaP76AoWWaqYgh76Y2+A=
github.com/aws/aws-sdk-go-v2/service/ecr v1.60.3 h1:5WQMVa0c/Ty6u+CKM75pidpS9DSEbTijKLkqHFPrrPo=
github.com/aws/aws-sdk-go-v2/service/ecr v1.60.3/go.mod h1:EzeRRtYAI2OuUB9za9uZUX6hx7zMJrUgLDkzUhmIVXA=
github.com/aws/aws-sdk-go-v2/service/ecs v1.89.3 h1:iqNL2awSrnAQWX0F0dCfva4pyi5GTy5Kb91eWliTwW8=
github.com/aws/aws-sdk-go-v2/service/ecs v1.89.3/go.mod h1:B6hK6Vdd7SSNFOwJ33qyAAF9+xvBkUzTxIC0ByxFFPM=
github.com/aws/aws-sdk-go-v2/service/efs v1.44.3 h1:kRHd7gEndJU+hW5C2xa3KCwcckg41Yq3X5GpubuSV44=
github.com/aws/aws-sdk-go-v2/service/efs v1.44.3/go.mod h1:ex8clv85muy5MfOHFkY6gke8snBuABspOAeyuaeyiyc=
github.com/aws/aws-sdk-go-v2/service/elasticache v1.56.3 h1:vuIIz55kc5weHo7d9k1ybzde/QysaIFoIU6B0/ucWAg=
github.com/aws/aws-sdk-go-v2/service/elasticache v1.56.3/go.mod h1:qrbDwssfQLrc7Pr5fGM3yVJwT4hbfjVKNM4dOhFMYQo=
github.com/aws/aws-sdk-go-v2/service/elasticloadbalancingv2 v1.58.4 h1:qqtZrE6n95+ZSQSJXHFF/jescrB9m23k/Yd0OiOmx5o=
github.com/aws/aws-sdk-go-v2/service/elasticloadbalancingv2 v1.58.4/go.mod h1:U/fP6c3Fizi99gPklFcOwpwi0HY+xH9ER3VKi6iby80=
github.com/aws/aws-sdk-go-v2/service/eventbridge v1.48.3 h1:jEkPoRyrlwb2aTKip2xlH2o/YsH+eXdNR6mYY2E36jA=
github.com/aws/aws-sdk-go-v2/service/eventbridge v1.48.3/go.mod h1:T7/gv4S5l/rlXbOtOU5lFvwbhy1REqIUHwVUQG9z8Ws=
github.com/aws/aws-sdk-go-v2/service/firehose v1.46.3 h1:tCfg/kr+Kgq2skZKREVZbpdcRo0HCBvTtHGPScKijFg=
github.com/aws/aws-sdk-go-v2/service/firehose v1.46.3/go.mod h1:nwPKjFDceE/WZGaIiD94KzjVksELgbvOiqBiDCslWlc=
github.com/aws/aws-sdk-go-v2/service/glue v1.151.1 h1:7NOd61H8UdYF1/1oJOxTOAgow6nh8+Ua9bdavz7PnT0=
github.com/aws/aws-sdk-go-v2/service/glue v1.151.1/go.mod h1:UDNjhBBSWB4Gg+Kr5BslWV8jmaI7yburmzygXGhFbQU=
github.com/aws/aws-sdk-go-v2/service/iam v1.57.1 h1:frtNexXj45Ko7pFfBKLyxObvNHefmL7vBeZid9uJCfU=
github.com/aws/aws-sdk-go-v2/service/iam v1.57.1/go.mod h1:9SLmFv7Y2prkDI20yPqNj0+YjG885BnqBExw/hekT5g=
github.com/aws/aws-sdk-go-v2/service/internal/accept-encoding v1.13.15 h1:JJLBQxwY+AFwuPAi5ivGc1ChnTdUt4cXMv7e76m2c/Y=
github.com/aws/aws-sdk-go-v2/service/internal/accept-encoding v1.13.15/go.mod h1:lQknBIe78MVL0cQOQDlag8KGflMbMEVFx9mB6O8ENvk=
github.com/aws/aws-sdk-go-v2/service/internal/checksum v1.9.27 h1:zwB6ltUc0UiyOsRQaMQ8jNLjKECbjhadCyl4hqV0y/c=
github.com/aws/aws-sdk-go-v2/service/internal/checksum v1.9.27/go.mod h1:ce9y+Y+hGLUyPKJZZJGoFLuFJNfCNuWZTujUJAsckQA=
github.com/aws/aws-sdk-go-v2/service/internal/endpoint-discovery v1.12.11 h1:K9HW1EvC/jJ1mDkxJD+AnWHDGyxT8JBysgUpvHYlqrU=
github.com/aws/aws-sdk-go-v2/service/internal/endpoint-discovery v1.12.11/go.mod h1:T1v0shPqzAuWdUfLc99+9B5EL5IVnjlGLFxpq9JABkk=
github.com/aws/aws-sdk-go-v2/service/internal/presigned-url v1.13.34 h1:sYg4qHWLqsjp15PzX7XCOHSOgKEGoZ5vQY43VvZ1pas=
github.com/aws/aws-sdk-go-v2/service/internal/presigned-url v1.13.34/go.mod h1:N58SSz3roKf1HzW5qRaOiyk6MbDLTKgLPvlTfJ90iyI=
github.com/aws/aws-sdk-go-v2/service/internal/s3shared v1.19.35 h1:ohfdSAm4TA6nryIY7mLqe4mnSIAnAreoAPBM81ZVoIM=
github.com/aws/aws-sdk-go-v2/service/internal/s3shared v1.19.35/go.mod h1:uUjphnxMb3HH3vIiOHl4dH0fGNKL+csjqRQEabbfw5k=
github.com/aws/aws-sdk-go-v2/service/kinesis v1.46.3 h1:KvSedZL5QcPT/RYZsOIbGD4bv3e74/9SKq/zZ9Vuwbs=
github.com/aws/aws-sdk-go-v2/service/kinesis v1.46.3/go.mod h1:mAlmMC6IFSLbFxi9YTUMsNLNzJsR20Wpw8sbiv7eafM=
github.com/aws/aws-sdk-go-v2/service/kms v1.55.3 h1:qS073F+cSl7QKstrm3Jb8D/XkKBWZ4zHdmRG/cmHLoU=
github.com/aws/aws-sdk-go-v2/service/kms v1.55.3/go.mod h1:l1gMRJ4UawrC6rpVWRz39pZxlyHID0VIS/YEEiLi4E8=
github.com/aws/aws-sdk-go-v2/service/lambda v1.101.1 h1:oHFp8DQrYyrJwZxqudtTGrpkBALE6ZOL3eZ0i76Ox2c=
github.com/aws/aws-sdk-go-v2/service/lambda v1.101.1/go.mod h1:k1AVJ0VnGlKJYVY138yVi7tIzCZKOK4KRf1H6Tu03vQ=
github.com/aws/aws-sdk-go-v2/service/organizations v1.53.3 h1:/YZLQTY+BGhhlDDPhpMPCpQRkDThiyunD4f/g7Q2Ggc=
github.com/aws/aws-sdk-go-v2/service/organizations v1.53.3/go.mod h1:zm8QiEerNtAyb53aoAMG0rb39AWLENdpvYCB5Dfj2Vc=
github.com/aws/aws-sdk-go-v2/service/rds v1.124.0 h1:VGrYY7725nq+LViSGHzVe9pzObQ+BB1mpdvM0thyqiY=
github.com/aws/aws-sdk-go-v2/service/rds v1.124.0/go.mod h1:Ks1zrhQ17nZjVi5aDLQOwu7dggjWE+/BwvwNUKYWD48=
github.com/aws/aws-sdk-go-v2/service/route53 v1.65.5 h1:7xzkFrCyOao5QI/mMb05RevNjL/T9ZWEkSfEP3x3BIk=
github.com/aws/aws-sdk-go-v2/service/route53 v1.65.5/go.mod h1:QeQx+SJDryB7/afSkkp2x0Thz4UO9PpxRvNBce9XlTY=
github.com/aws/aws-sdk-go-v2/service/s3 v1.106.3 h1:oSfubHEP3a0nTRAtm99IDaws0f15qwf+fOwS1Esh5jI=
github.com/aws/aws-sdk-go-v2/service/s3 v1.106.3/go.mod h1:lWk6L5Q3YkaC7so1bQUJkvF7hj2KUFzdZ4w15wc2GHY=
github.com/aws/aws-sdk-go-v2/service/scheduler v1.20.3 h1:ftOlpYV/Cgv7Tq1sb0MDGbT33881351pBru03V3WD8o=
github.com/aws/aws-sdk-go-v2/service/scheduler v1.20.3/go.mod h1:+XNPJB43c0uGoGPN0TDVWmkJydhvKMNrr8IsTXXbhdE=
github.com/aws/aws-sdk-go-v2/service/secretsmanager v1.44.3 h1:SY5cfpu3y6/JU8R0ytvct4t+TMjUdeMrXQzngq4G6k4=
github.com/aws/aws-sdk-go-v2/service/secretsmanager v1.44.3/go.mod h1:AolM5DG9lyCovP0/4C097Fo/UxSxW3VTAusfIu5/xiw=
github.com/aws/aws-sdk-go-v2/service/servicediscovery v1.43.3 h1:Gg14pS7j7P3tkSTpt3cZvwl4uG783xNIfdz19h8rM5Y=
github.com/aws/aws-sdk-go-v2/service/servicediscovery v1.43.3/go.mod h1:h30o0iQ5EySbxKNtnh5TnxsnYarC2TbDOkIn/696Vys=
github.com/aws/aws-sdk-go-v2/service/sfn v1.45.3 h1:rpFY3r2gmyj84jUXB03W/nK/825iEVyjf1FwIgP49nI=
github.com/aws/aws-sdk-go-v2/service/sfn v1.45.3/go.mod h1:LCFM4tiPLKQ0l8lAEATzJ2YC3yl4NjSOC8JKq5h4SXg=
github.com/aws/aws-sdk-go-v2/service/signin v1.5.3 h1:togAtAmgV5IGMnQDuBDJeM8z5Y5RN6G7xeOgphWz+Yc=
github.com/aws/aws-sdk-go-v2/service/signin v1.5.3/go.mod h1:T7xKUUUvN7W3RW8UmMvKnD12xqh+Ux2gCPHPhnt64Dg=
github.com/aws/aws-sdk-go-v2/service/sns v1.42.3 h1:OwgPz7N9WoZKkyQBR6pF8GVDHM8zKbBeZen4g5d0SHE=
github.com/aws/aws-sdk-go-v2/service/sns v1.42.3/go.mod h1:+uKYi97m1oBOMreP1v10yHNWlNKKDXdCWaeVSgno6Z0=
github.com/aws/aws-sdk-go-v2/service/sqs v1.46.3 h1:JVu+hDylgSo054x2H/lGukAjxLCf/ER8lAWDL6wraQs=
github.com/aws/aws-sdk-go-v2/service/sqs v1.46.3/go.mod h1:u8maNFJyJolOQFpSAp8gP9nI+S/1WEEVddmvbedYIik=
github.com/aws/aws-sdk-go-v2/service/ssm v1.73.3 h1:JTiz9aeh+rkQ3ELrotd8CvXWVTapy9IPFm6svME3Ges=
github.com/aws/aws-sdk-go-v2/service/ssm v1.73.3/go.mod h1:YwhlK9qSePagsddmyD1TYLEfIgmz5A6bQfRnTLBIPl0=
github.com/aws/aws-sdk-go-v2/service/sso v1.33.3 h1:YjH64OUytnWZBHUtM9GMyi4ZWBiSQdEJkZuPykOIe44=
github.com/aws/aws-sdk-go-v2/service/sso v1.33.3/go.mod h1:5qoHcDZDTSJotoKk1bvVRPv1MXaL/NhfY9ng8D1g/ig=
github.com/aws/aws-sdk-go-v2/service/ssooidc v1.38.3 h1:A4o1di/XGaqtw6r3toSBrFX2U7mVSLqg7jo9wL4I+cU=
github.com/aws/aws-sdk-go-v2/service/ssooidc v1.38.3/go.mod h1:sKuKz2kHtrGVtFu34vbM3LWSA9CKD9YZUmm6e5PPqRA=
github.com/aws/aws-sdk-go-v2/service/sts v1.45.3 h1:Fi7+DiKN1+QphlajvE6FqeZ8GRbnnRul7zTdUiRpbGc=
github.com/aws/aws-sdk-go-v2/service/sts v1.45.3/go.mod h1:KCc3e27fHZUGtzpek7wZcp6dyCpGkJJo/+3PBujh/yU=
github.com/aws/aws-sdk-go-v2/service/wafv2 v1.77.1 h1:k4iIf2dwO5i3Mu1EtFsV+0gHJ0J2REkelUNTaxV10NA=
github.com/aws/aws-sdk-go-v2/service/wafv2 v1.77.1/go.mod h1:vP0N37cm9L6S72M2xcFrXjwxnsrx/fcUjMaE1x6RrXU=
github.com/aws/smithy-go v1.27.6 h1:0zjT8jgK3jbrTT7JJ3EE6JsMhX8JTrZ+f1sEndYDXrA=
github.com/aws/smithy-go v1.27.6/go.mod h1:YE2RhdIuDbA5E5bTdciG9KrW3+TiEONeUWCqxX9i1Fc=
github.com/creack/pty v1.1.9/go.mod h1:oKZEueFk5CKHvIhNR5MUki03XCEU+Q6VDXinZuGJ33E=
github.com/davecgh/go-spew v1.1.0/go.mod h1:J7Y8YcW2NihsgmVo/mv3lAwl/skON4iLHjSsI+c5H38=
github.com/davecgh/go-spew v1.1.1 h1:vj9j/u1bqnvCEfJOwUhtlOARqs3+rkHYY13jYWTU97c=
github.com/davecgh/go-spew v1.1.1/go.mod h1:J7Y8YcW2NihsgmVo/mv3lAwl/skON4iLHjSsI+c5H38=
github.com/go-jose/go-jose/v4 v4.1.4 h1:moDMcTHmvE6Groj34emNPLs/qtYXRVcd6S7NHbHz3kA=
github.com/go-jose/go-jose/v4 v4.1.4/go.mod h1:x4oUasVrzR7071A4TnHLGSPpNOm2a21K9Kf04k1rs08=
github.com/go-sql-driver/mysql v1.10.0 h1:Q+1LV8DkHJvSYAdR83XzuhDaTykuDx0l6fkXxoWCWfw=
github.com/go-sql-driver/mysql v1.10.0/go.mod h1:M+cqaI7+xxXGG9swrdeUIoPG3Y3KCkF0pZej+SK+nWk=
github.com/golang/snappy v1.0.0 h1:Oy607GVXHs7RtbggtPBnr2RmDArIsAefDwvrdWvRhGs=
github.com/golang/snappy v1.0.0/go.mod h1:/XxbfmMg8lxefKM7IXC3fBNl/7bRcc72aCRzEWrmP2Q=
github.com/google/uuid v1.6.0 h1:NIvaJDMOsjHA8n1jAhLSgzrAzy1Hgr+hNrb57e+94F0=
github.com/google/uuid v1.6.0/go.mod h1:TIyPZe4MgqvfeYDBFedMoGGpEw/LqOeaOT+nhxU+yHo=
github.com/gorilla/websocket v1.5.3 h1:saDtZ6Pbx/0u+bgYQ3q96pZgCzfhKXGPqt7kZ72aNNg=
github.com/gorilla/websocket v1.5.3/go.mod h1:YR8l580nyteQvAITg2hZ9XVh4b55+EU/adAjf1fMHhE=
github.com/jackc/pgpassfile v1.0.0 h1:/6Hmqy13Ss2zCq62VdNG8tM1wchn8zjSGOBJ6icpsIM=
github.com/jackc/pgpassfile v1.0.0/go.mod h1:CEx0iS5ambNFdcRtxPj5JhEz+xB6uRky5eyVu/W2HEg=
github.com/jackc/pgservicefile v0.0.0-20240606120523-5a60cdf6a761 h1:iCEnooe7UlwOQYpKFhBabPMi4aNAfoODPEFNiAnClxo=
github.com/jackc/pgservicefile v0.0.0-20240606120523-5a60cdf6a761/go.mod h1:5TJZWKEWniPve33vlWYSoGYefn3gLQRzjfDlhSJ9ZKM=
github.com/jackc/pgx/v5 v5.10.0 h1:VhSvgU2jSli8o3AqIEOTJr7rZwAEUVo4E4XhR94Zfr0=
github.com/jackc/pgx/v5 v5.10.0/go.mod h1:mal1tBGAFfLHvZzaYh77YS/eC6IX9OWbRV1QIIM0Jn4=
github.com/jackc/puddle/v2 v2.2.2 h1:PR8nw+E/1w0GLuRFSmiioY6UooMp6KJv0/61nB7icHo=
github.com/jackc/puddle/v2 v2.2.2/go.mod h1:vriiEXHvEE654aYKXXjOvZM39qJ0q+azkZFrfEOc3H4=
github.com/kr/pretty v0.1.0/go.mod h1:dAy3ld7l9f0ibDNOQOHHMYYIIbhfbHSm3C4ZsoJORNo=
github.com/kr/pretty v0.3.0 h1:WgNl7dwNpEZ6jJ9k1snq4pZsg7DOEN8hP9Xw0Tsjwk0=
github.com/kr/pretty v0.3.0/go.mod h1:640gp4NfQd8pI5XOwp5fnNeVWj67G7CFk/SaSQn7NBk=
github.com/kr/pty v1.1.1/go.mod h1:pFQYn66WHrOpPYNljwOMqo10TkYh1fy3cYio2l3bCsQ=
github.com/kr/text v0.1.0/go.mod h1:4Jbv+DJW3UT/LiOwJeYQe1efqtUx/iVham/4vfdArNI=
github.com/kr/text v0.2.0 h1:5Nx0Ya0ZqY2ygV366QzturHI13Jq95ApcVaJBhpS+AY=
github.com/kr/text v0.2.0/go.mod h1:eLer722TekiGuMkidMxC/pM04lWEeraHUUmBw8l2grE=
github.com/pmezard/go-difflib v1.0.0 h1:4DBwDE0NGyQoBHbLQYPwSUPoCMWR5BEzIk/f1lZbAQM=
github.com/pmezard/go-difflib v1.0.0/go.mod h1:iKH77koFhYxTK1pcRnkKkqfTogsbg7gZNVY4sRDYZ/4=
github.com/rogpeppe/go-internal v1.6.1 h1:/FiVV8dS/e+YqF2JvO3yXRFbBLTIuSDkuC7aBOAvL+k=
github.com/rogpeppe/go-internal v1.6.1/go.mod h1:xXDCJY+GAPziupqXw64V24skbSoqbTEfhy4qGm1nDQc=
github.com/stretchr/objx v0.1.0/go.mod h1:HFkY916IF+rwdDfMAkV7OtwuqBVzrE8GR6GFx+wExME=
github.com/stretchr/testify v1.3.0/go.mod h1:M5WIy9Dh21IEIfnGCwXGc5bZfKNJtfHm1UVUgZn+9EI=
github.com/stretchr/testify v1.7.0/go.mod h1:6Fq8oRcR53rry900zMqJjRRixrwX3KX962/h/Wwjteg=
github.com/stretchr/testify v1.11.1 h1:7s2iGBzp5EwR7/aIZr8ao5+dra3wiQyKjjFuvgVKu7U=
github.com/stretchr/testify v1.11.1/go.mod h1:wZwfW3scLgRK+23gO65QZefKpKQRnfz6sD981Nm4B6U=
golang.org/x/crypto v0.54.0 h1:YLIA59K4fiNzHzjnZt2tUJQjQtUWfWbeHBqKtk3eScw=
golang.org/x/crypto v0.54.0/go.mod h1:KWL8ny2AZdGR2cWmzeHrp2azQPGogOv+HeQaVEXC2dk=
golang.org/x/net v0.57.0 h1:K5+3DljvIuDG9/Jv9rvyMywYNFCQ9RSUY6OOTTkT+tE=
golang.org/x/net v0.57.0/go.mod h1:KpXc8iv+r3XplLAG/f7Jsf9RPszJzdR0f58q9vGOuEU=
golang.org/x/sync v0.22.0 h1:SZjpbeLmrCk4xhRSZFNZW5gFUeCeFgjekvI/+gfScek=
golang.org/x/sync v0.22.0/go.mod h1:9xrNwdLfx4jkKbNva9FpL6vEN7evnE43NNNJQ2LF3+0=
golang.org/x/text v0.40.0 h1:Ub2Z6/xjgF1WrYQz2nuITOEegKFtiIy+rieRJ5lHZKs=
golang.org/x/text v0.40.0/go.mod h1:hpnzDAfGV753zIKo+wk3u1bVKCGPbrnF7+7LBF/UHVY=
gopkg.in/check.v1 v0.0.0-20161208181325-20d25e280405/go.mod h1:Co6ibVJAznAaIkqp8huTwlJQCZ016jof/cbN4VW5Yz0=
gopkg.in/check.v1 v1.0.0-20180628173108-788fd7840127/go.mod h1:Co6ibVJAznAaIkqp8huTwlJQCZ016jof/cbN4VW5Yz0=
gopkg.in/check.v1 v1.0.0-20201130134442-10cb98267c6c h1:Hei/4ADfdWqJk1ZMxUNpqntNwaWcugrBjAiHlqqRiVk=
gopkg.in/check.v1 v1.0.0-20201130134442-10cb98267c6c/go.mod h1:JHkPIbrfpd72SG/EVd6muEfDQjcINNoR0C8j2r3qZ4Q=
gopkg.in/errgo.v2 v2.1.0/go.mod h1:hNsd1EY+bozCKY1Ytp96fpM3vjJbqLJn88ws8XvfDNI=
gopkg.in/yaml.v3 v3.0.0-20200313102051-9f266ea9e77c/go.mod h1:K4uyk7z7BCEPqu6E+C64Yfv1cQ7kz7rIZviUmN+EgEM=
gopkg.in/yaml.v3 v3.0.1 h1:fxVm/GzAzEWqLHuvctI91KS9hhNmmWOoWu0XTYJS7CA=
gopkg.in/yaml.v3 v3.0.1/go.mod h1:K4uyk7z7BCEPqu6E+C64Yfv1cQ7kz7rIZviUmN+EgEM=
