github.com/aws/aws-sdk-go-v2 v1.41.11 h1:9PRf7jyTMEUM6fuNRAJa2mO/skJfrF50rENJwf2LXqw=
github.com/aws/aws-sdk-go-v2 v1.41.11/go.mod h1:iiUX27gOXRuYaoeUVXhUpPwjJHzISfPAjjcuhUbLSVs=
github.com/aws/aws-sdk-go-v2/aws/protocol/eventstream v1.7.12 h1:oRtsqWgxbpeXrOlxOoQStx2M9WNbIkPq4C4Xn1or6bc=
github.com/aws/aws-sdk-go-v2/aws/protocol/eventstream v1.7.12/go.mod h1:Zg0Oe9qT+9wcezlm1a64wGJp2qZdRElVxo/seJf7jYU=
github.com/aws/aws-sdk-go-v2/credentials v1.19.21 h1:0+HscFXtNa4+3buV4IlG6v5lnOdzi5TrpicFGjKHgh4=
github.com/aws/aws-sdk-go-v2/credentials v1.19.21/go.mod h1:UE8+9t5zudFwu5k5ShC1PKArVEdOkQQdCXIHQAVNUcU=
github.com/aws/aws-sdk-go-v2/feature/ec2/imds v1.18.27 h1:BEfN1sjtiKEdikRDxYkjZNE4tyvw/YbGWCbl3xDZgRw=
github.com/aws/aws-sdk-go-v2/feature/ec2/imds v1.18.27/go.mod h1:ISGSFNbOHRS+JV/17yStzRTPBUHHqF92kCpRLLyH3Nk=
github.com/aws/aws-sdk-go-v2/internal/configsources v1.4.27 h1:8sPbKi1/KRHwl5oR3qN9mUXestCeHuaRutxylnr/eVY=
github.com/aws/aws-sdk-go-v2/internal/configsources v1.4.27/go.mod h1:QV9IVIopJ1dpQUno0f9VYDUwOEjj8u0iEJ4JiZVre3Y=
github.com/aws/aws-sdk-go-v2/internal/endpoints/v2 v2.7.27 h1:9d8AoASQY9UwrOSmiJ7uSM0MGUPFhnenwSvpaFfat2c=
github.com/aws/aws-sdk-go-v2/internal/endpoints/v2 v2.7.27/go.mod h1:x0rldpsnUQaQIs4Rh+Vwm9Z/0vI6BxadGtsgJfZFb8s=
github.com/aws/aws-sdk-go-v2/internal/v4a v1.4.28 h1:eaS9vwQ5ym4Y9S6+G/K3d3lgZhxs9Sldcn/YS7cmdKY=
github.com/aws/aws-sdk-go-v2/internal/v4a v1.4.28/go.mod h1:oTdbDr+BMs7gAYrNpD0LDTyqQfv6yOYgTDv46+xbwFY=
github.com/aws/aws-sdk-go-v2/service/acm v1.39.4 h1:2P7p/kNLozilMJfF5SNfKCAslLZFtLmr7RjDHVni024=
github.com/aws/aws-sdk-go-v2/service/acm v1.39.4/go.mod h1:xQtZpSJWrvS9GKpvmxLqZU98QbBAsXxjd4ZHH0U42Qk=
github.com/aws/aws-sdk-go-v2/service/amplify v1.39.2 h1:NBKoINT3MOV2z8GC8X9zWRgVOwDnqCi30RJUUhPVzf4=
github.com/aws/aws-sdk-go-v2/service/amplify v1.39.2/go.mod h1:9xi4X00lbZJ8f0EpDj88eEeYYd3INwQ3cyhkd/GpyD0=
github.com/aws/aws-sdk-go-v2/service/apigateway v1.40.4 h1:/FFVidybMWp05iSr6ACBUpJ1Xyd3vdtA3oa6xabw59Y=
github.com/aws/aws-sdk-go-v2/service/apigateway v1.40.4/go.mod h1:4CCXdZ0JwCnuW1MzTVPyi+U48RpsRdaKXK/0ORwNC+g=
github.com/aws/aws-sdk-go-v2/service/apigatewayv2 v1.35.4 h1:G8rEURq2sc3FaaU7w+CLolnu59SqwodBrX5fYCuSvxs=
github.com/aws/aws-sdk-go-v2/service/apigatewayv2 v1.35.4/go.mod h1:p7MdQ7lAwYj8nqa5loDffJrzC+5lmyghJuaW4kDIOwk=
github.com/aws/aws-sdk-go-v2/service/autoscaling v1.67.2 h1:3QZkayCfDIC03Sdvo7xSMmdM/Csd28Ot/GhHhMoHA74=
github.com/aws/aws-sdk-go-v2/service/autoscaling v1.67.2/go.mod h1:WZZJIhz58ct8LxomV7By8/+kFCRCMQ4BccQhIywHg9A=
github.com/aws/aws-sdk-go-v2/service/batch v1.65.4 h1:r10UsinUyPr3MCRZ6WLwPTz9iBAI6R0FAkY5Qv1qvM8=
github.com/aws/aws-sdk-go-v2/service/batch v1.65.4/go.mod h1:SC9zsGxZc/2iIojKERe1pvMeUTVkDxoIPraiFk9rzck=
github.com/aws/aws-sdk-go-v2/service/cloudfront v1.65.0 h1:8rvjEjt9lkNrHzdbswjq95DC5gqu/zFC2YsxsZPxEEI=
github.com/aws/aws-sdk-go-v2/service/cloudfront v1.65.0/go.mod h1:ycoqCnIGONuAFwyd4xkkJPiv6f68eD/Imc4EwhYIauI=
github.com/aws/aws-sdk-go-v2/service/cloudtrail v1.56.2 h1:6XH8qI6CeQJxETT6mlE/GjM3rwoqmaxhSh9VOFjqsLU=
github.com/aws/aws-sdk-go-v2/service/cloudtrail v1.56.2/go.mod h1:wv3bG5Fbb7wjdVcJMCdjip+ix16stWLIo9a8V4xWNmI=
github.com/aws/aws-sdk-go-v2/service/cloudwatchlogs v1.75.0 h1:LiRIJ9natF7OIkzBMseCT5/ViP3TVfiGyX6lMr28/eY=
github.com/aws/aws-sdk-go-v2/service/cloudwatchlogs v1.75.0/go.mod h1:Op4lD9kBH1InUC+DxIALi0ALAASdpY71vRdtevYFVrs=
github.com/aws/aws-sdk-go-v2/service/codebuild v1.69.2 h1:5nlPJET0z1YlmvMRBljdiRpbio0vM5FWaTqzPaFrWFs=
github.com/aws/aws-sdk-go-v2/service/codebuild v1.69.2/go.mod h1:WLE5YeRX3ieS5RXJaugHTeKyWy/ENDqCjFhJpZvpaVM=
github.com/aws/aws-sdk-go-v2/service/dynamodb v1.57.8 h1:xM9A74gfqalNsSA7n703Ci2MjlFb0SGbBh6XPqLTcFM=
github.com/aws/aws-sdk-go-v2/service/dynamodb v1.57.8/go.mod h1:qocgqDspSvJmbz213f8tQfU1+F8LJtjmToLuUWeB5eg=
github.com/aws/aws-sdk-go-v2/service/ec2 v1.305.1 h1:VKg93r3Qt8WuqK9AG1g/pp4fvr7jZ8hP2+ycT3uu8YY=
github.com/aws/aws-sdk-go-v2/service/ec2 v1.305.1/go.mod h1:pgzclBlyCKPExJtqLzDpYWGVPU3+y4UzMWumn+6gSAk=
github.com/aws/aws-sdk-go-v2/service/ecr v1.58.2 h1:sSfN1WfNyYjV0CQC8moHP4uxgNXSUxDT0X2vXbcJSbc=
github.com/aws/aws-sdk-go-v2/service/ecr v1.58.2/go.mod h1:CJsIIgsVqF1YRtS436i4RKrNFlo2LtQ7gORkdhKaj3k=
github.com/aws/aws-sdk-go-v2/service/ecs v1.82.2 h1:5+R0WdILivVBjS2XWGolf2xNLrAobmRJapbuY80rM0M=
github.com/aws/aws-sdk-go-v2/service/ecs v1.82.2/go.mod h1:NALx5A0EmoS9guqXCX15K74AIKaVV4UK0c1Kp8WAizA=
github.com/aws/aws-sdk-go-v2/service/efs v1.41.20 h1:nwTF761FHmOPPLPeUduNlkh2BoPOpH2iURaW4aM7kjU=
github.com/aws/aws-sdk-go-v2/service/efs v1.41.20/go.mod h1:OMGxLhS2iMeL6gRMBUFC/P2yjv3x5E9ufwOmDzOrUbg=
github.com/aws/aws-sdk-go-v2/service/elasticache v1.54.1 h1:ATp/jnMgG533nrtAeVTRObYklBGMIe2QG5eCAjNGOiA=
github.com/aws/aws-sdk-go-v2/service/elasticache v1.54.1/go.mod h1:ROxCGzSgbNMd1IvbXH5YwQiVpDrvpWPkZMxtt6EFPTY=
github.com/aws/aws-sdk-go-v2/service/elasticloadbalancingv2 v1.55.2 h1:vFzq5QHpwXrZ2gBIBTdCqRvUmgm4xYkFElo/vbMgvPs=
github.com/aws/aws-sdk-go-v2/service/elasticloadbalancingv2 v1.55.2/go.mod h1:fhddW+cYh4wTiQlknVzVzcj9ilvFyoQHdTUrAzkepew=
github.com/aws/aws-sdk-go-v2/service/eventbridge v1.46.4 h1:xjkya9PPUnVGDiESKmEirUHao28Z6MCVdayrj+gPG0A=
github.com/aws/aws-sdk-go-v2/service/eventbridge v1.46.4/go.mod h1:O4XvzZzUj0Tl2SMZbNXuTsbfDIUzb+3iI+30UycsDbc=
github.com/aws/aws-sdk-go-v2/service/glue v1.142.4 h1:H2XNEUlWPFbI7ArUkISDEBi0SATqXY5SzZnXNcfSKO0=
github.com/aws/aws-sdk-go-v2/service/glue v1.142.4/go.mod h1:Mi+ljMNokfKsvllbheBVtbMOqwn8Tc/hZoU/Eo5K+JA=
github.com/aws/aws-sdk-go-v2/service/iam v1.54.2 h1:gJxdCZtnmAX9jF1RjBVJ6O2Bn4P2zLAQFXYmTBM+W5A=
github.com/aws/aws-sdk-go-v2/service/iam v1.54.2/go.mod h1:GO5Zea33HKIxG12xqmrzTFgEZcok4jdpc4aM2TcHTfk=
github.com/aws/aws-sdk-go-v2/service/internal/accept-encoding v1.13.11 h1:rFSsqDfCMPAmG70JOsYqFZCHXkyatoGa1K4YEt/BggQ=
github.com/aws/aws-sdk-go-v2/service/internal/accept-encoding v1.13.11/go.mod h1:XG68qW+YLLFH0vnSDCou43Cgj5TeAG83O5NRSJgt04Y=
github.com/aws/aws-sdk-go-v2/service/internal/checksum v1.9.20 h1:yt2fjgev3Hqm33zPw0ZWtki3sZ0SLcr+PkuvXDAAf/8=
github.com/aws/aws-sdk-go-v2/service/internal/checksum v1.9.20/go.mod h1:wnPjCjPJ6x5GBhrER8f0QakaQ2LokfhCVYxmAZBpPjY=
github.com/aws/aws-sdk-go-v2/service/internal/endpoint-discovery v1.12.4 h1:WE4EUIlsADmJdGeROTJF0/czwLBEVdwKG4QbV+L/orE=
github.com/aws/aws-sdk-go-v2/service/internal/endpoint-discovery v1.12.4/go.mod h1:KPRFlg+Wd/gmbFRT6Xma4LFZ/QXKJFG7tng7fCwH2js=
github.com/aws/aws-sdk-go-v2/service/internal/presigned-url v1.13.27 h1:2/pUo42hhVmQcM21ttZoBOLHQymyUH8qEnZGTIuGBT8=
github.com/aws/aws-sdk-go-v2/service/internal/presigned-url v1.13.27/go.mod h1:p7hwgbwompjCRNTdB3ytlldddNt1rDBgVVMqWEVG1II=
github.com/aws/aws-sdk-go-v2/service/internal/s3shared v1.19.27 h1:JEXSW4wztrl1MoL5EMvJMO7lc/TRZloztrJKNl96SW8=
github.com/aws/aws-sdk-go-v2/service/internal/s3shared v1.19.27/go.mod h1:8eL+YgEqy6IYqjwW6PG0Ubn59a2xtCzbz7Pi18JBu04=
github.com/aws/aws-sdk-go-v2/service/kinesis v1.44.0 h1:tOUl+YUs5Bx5NnGPrh/8cjszpLUD6FSoe4pz/W8nW6Y=
github.com/aws/aws-sdk-go-v2/service/kinesis v1.44.0/go.mod h1:BihLP322enFNa3gSV0+LsVELvalpcI/IcbzAvU3SVCc=
github.com/aws/aws-sdk-go-v2/service/kms v1.53.2 h1:MWZ4SxCMum1Ri0LU68jnhJGMmjt4Q50RD37BS7XKMY4=
github.com/aws/aws-sdk-go-v2/service/kms v1.53.2/go.mod h1:ZNloshpT3zBMbDUwsbbwYP46ADvoJU9/9WGX1WYegwg=
github.com/aws/aws-sdk-go-v2/service/lambda v1.92.1 h1:WXCHC8eGCieCTxSJ0CsZc4yRK8PiUKPZm3un8L4Eu6I=
github.com/aws/aws-sdk-go-v2/service/lambda v1.92.1/go.mod h1:RQmeW7HZrBCTGhwnmRTEw29G+Fhao0pkhrlwakALzbs=
github.com/aws/aws-sdk-go-v2/service/rds v1.119.0 h1:LX5FxHNsK+1bop39sDfPeK1PKzMpCZH7504upjmlEvc=
github.com/aws/aws-sdk-go-v2/service/rds v1.119.0/go.mod h1:e65cVtBgKsndwx7fCvgWgss9xRbfhWN6DthRKDeu6dI=
github.com/aws/aws-sdk-go-v2/service/route53 v1.63.1 h1:E30ElJCg7Ec3WDo/YrzoVIYRo0dFJ7YweTjqPT89gFk=
github.com/aws/aws-sdk-go-v2/service/route53 v1.63.1/go.mod h1:/Yaj8pZoAyECpdFFnFFOIVCfDt6QIwi7t4nOssbsdxg=
github.com/aws/aws-sdk-go-v2/service/s3 v1.103.1 h1:WkX5IXwcxgO/WPTvhEqoSW2L1GB1OyIxk0vuzzdTftc=
github.com/aws/aws-sdk-go-v2/service/s3 v1.103.1/go.mod h1:9Q9ZHyiTItraw8BXpO48pk398Mou0YCSI+xvFcaGgxU=
github.com/aws/aws-sdk-go-v2/service/secretsmanager v1.42.1 h1:AH4hyaVe/2+p7zx/GkmjQLXOfVTul6EFMTRy8QVl71Q=
github.com/aws/aws-sdk-go-v2/service/secretsmanager v1.42.1/go.mod h1:BXtBSoY9TdCQwc46RZtaxNb+kKfcCbHOvk4h8drQUqM=
github.com/aws/aws-sdk-go-v2/service/servicediscovery v1.40.4 h1:5Defttx/IYci7XTAgfJdLbGAMFFuxa6sKYYRBwkkmf4=
github.com/aws/aws-sdk-go-v2/service/servicediscovery v1.40.4/go.mod h1:ON3Jsle8WTdFt3hsO5wlRa+uBNdPnwpXOwOKEN0gVFk=
github.com/aws/aws-sdk-go-v2/service/sfn v1.42.1 h1:+pPMGNr7k43poIi5ZVkhBkICQRm9j4RLTfVIU8in8l8=
github.com/aws/aws-sdk-go-v2/service/sfn v1.42.1/go.mod h1:Fu6JluWBq/0BpjfWhZJ63ThW2g21XHxFxanmOPts47I=
github.com/aws/aws-sdk-go-v2/service/sns v1.39.21 h1:NHgp1Sb9EmySqIo3EGAauxERpN7DUoB8wRZQ5hS/Qwo=
github.com/aws/aws-sdk-go-v2/service/sns v1.39.21/go.mod h1:LnzOoYnr2aP0VzebvWR7jELCAYIIlJRzoXNL7FafLSo=
github.com/aws/aws-sdk-go-v2/service/sqs v1.43.1 h1:Z05+QWRVKCO/crohZTQko1HO8mhqUSw1JDkGm2+qTEo=
github.com/aws/aws-sdk-go-v2/service/sqs v1.43.1/go.mod h1:VHgGyjKubR4MM4ZMhCL/aPg+578iqCZjtQraHL2nhKU=
github.com/aws/aws-sdk-go-v2/service/ssm v1.69.1 h1:SpBGMGefOnKHkhwfygyPbfYbxdTUfN83bK+SqVJyWs4=
github.com/aws/aws-sdk-go-v2/service/ssm v1.69.1/go.mod h1:XqVRRari2Ds7jlKh/lQyS6nGpnxH6S/JUtUti+F6ezQ=
github.com/aws/aws-sdk-go-v2/service/sts v1.43.1 h1:r/vUkpLilfCA3sxbRnkHbJejaoVHEdj4FEhv+Zva4DU=
github.com/aws/aws-sdk-go-v2/service/sts v1.43.1/go.mod h1:t01JURC8Fe5M+7R1K0vzIZ2NT04HqvZR+FjlHrHDT2A=
github.com/aws/aws-sdk-go-v2/service/wafv2 v1.72.2 h1:lW0sRrMvNzxem7sg64NA6wTyj3FY/QXQpuM0K7py3hc=
github.com/aws/aws-sdk-go-v2/service/wafv2 v1.72.2/go.mod h1:yGV7GB/uJGO+qyFsMdH+P4DOE5sNPly2RN9yXwNfOWM=
github.com/aws/smithy-go v1.27.0 h1:ZoFioDKJxkSIW2otF9T0aPtNlUwhdVCcuZh/rzH9Hus=
github.com/aws/smithy-go v1.27.0/go.mod h1:YE2RhdIuDbA5E5bTdciG9KrW3+TiEONeUWCqxX9i1Fc=
github.com/davecgh/go-spew v1.1.1 h1:vj9j/u1bqnvCEfJOwUhtlOARqs3+rkHYY13jYWTU97c=
github.com/davecgh/go-spew v1.1.1/go.mod h1:J7Y8YcW2NihsgmVo/mv3lAwl/skON4iLHjSsI+c5H38=
github.com/pmezard/go-difflib v1.0.0 h1:4DBwDE0NGyQoBHbLQYPwSUPoCMWR5BEzIk/f1lZbAQM=
github.com/pmezard/go-difflib v1.0.0/go.mod h1:iKH77koFhYxTK1pcRnkKkqfTogsbg7gZNVY4sRDYZ/4=
github.com/stretchr/testify v1.11.1 h1:7s2iGBzp5EwR7/aIZr8ao5+dra3wiQyKjjFuvgVKu7U=
github.com/stretchr/testify v1.11.1/go.mod h1:wZwfW3scLgRK+23gO65QZefKpKQRnfz6sD981Nm4B6U=
gopkg.in/check.v1 v0.0.0-20161208181325-20d25e280405 h1:yhCVgyC4o1eVCa2tZl7eS0r+SDo693bJlVdllGtEeKM=
gopkg.in/check.v1 v0.0.0-20161208181325-20d25e280405/go.mod h1:Co6ibVJAznAaIkqp8huTwlJQCZ016jof/cbN4VW5Yz0=
gopkg.in/yaml.v3 v3.0.1 h1:fxVm/GzAzEWqLHuvctI91KS9hhNmmWOoWu0XTYJS7CA=
gopkg.in/yaml.v3 v3.0.1/go.mod h1:K4uyk7z7BCEPqu6E+C64Yfv1cQ7kz7rIZviUmN+EgEM=
